// !$*UTF8*$!
{
	archiveVersion = 1;
	classes = {
	};
	objectVersion = 46;
	objects = {

/* Begin PBXBuildFile section */
		4F8969131F384375007BD58E /* myTableViewController.swift in Sources */ = {isa = PBXBuildFile; fileRef = 4F8969121F384375007BD58E /* myTableViewController.swift */; };
		4FC52F461F317DFD0056821F /* AppDelegate.swift in Sources */ = {isa = PBXBuildFile; fileRef = 4FC52F451F317DFD0056821F /* AppDelegate.swift */; };
		4FC52F481F317DFD0056821F /* ViewController.swift in Sources */ = {isa = PBXBuildFile; fileRef = 4FC52F471F317DFD0056821F /* ViewController.swift */; };
		4FC52F4B1F317DFD0056821F /* Main.storyboard in Resources */ = {isa = PBXBuildFile; fileRef = 4FC52F491F317DFD0056821F /* Main.storyboard */; };
		4FC52F4E1F317DFD0056821F /* FirebaseProject.xcdatamodeld in Sources */ = {isa = PBXBuildFile; fileRef = 4FC52F4C1F317DFD0056821F /* FirebaseProject.xcdatamodeld */; };
		4FC52F501F317DFD0056821F /* Assets.xcassets in Resources */ = {isa = PBXBuildFile; fileRef = 4FC52F4F1F317DFD0056821F /* Assets.xcassets */; };
		4FC52F531F317DFD0056821F /* LaunchScreen.storyboard in Resources */ = {isa = PBXBuildFile; fileRef = 4FC52F511F317DFD0056821F /* LaunchScreen.storyboard */; };
		4FC52F5E1F317DFD0056821F /* FirebaseProjectTests.swift in Sources */ = {isa = PBXBuildFile; fileRef = 4FC52F5D1F317DFD0056821F /* FirebaseProjectTests.swift */; };
		4FC52F691F317DFD0056821F /* FirebaseProjectUITests.swift in Sources */ = {isa = PBXBuildFile; fileRef = 4FC52F681F317DFD0056821F /* FirebaseProjectUITests.swift */; };
		4FC52F771F317F9D0056821F /* GoogleService-Info.plist in Resources */ = {isa = PBXBuildFile; fileRef = 4FC52F761F317F9D0056821F /* GoogleService-Info.plist */; };
		6D95BEBD8F6BB9C9128E6ADB /* Pods_FirebaseProject.framework in Frameworks */ = {isa = PBXBuildFile; fileRef = 5621FFE2D8821609F45C3BD1 /* Pods_FirebaseProject.framework */; };
		976725A015E9B3D6A12D8C7C /* Pods_FirebaseProjectTests.framework in Frameworks */ = {isa = PBXBuildFile; fileRef = 965CFC106B9391BA389DA093 /* Pods_FirebaseProjectTests.framework */; };
		BB7F8A1F5C1BBC74280D8372 /* Pods_FirebaseProjectUITests.framework in Frameworks */ = {isa = PBXBuildFile; fileRef = 5098FCCCA6A20DFEE9BA3F54 /* Pods_FirebaseProjectUITests.framework */; };
/* End PBXBuildFile section */

/* Begin PBXContainerItemProxy section */
		4FC52F5A1F317DFD0056821F /* PBXContainerItemProxy */ = {
			isa = PBXContainerItemProxy;
			containerPortal = 4FC52F3A1F317DFD0056821F /* Project object */;
			proxyType = 1;
			remoteGlobalIDString = 4FC52F411F317DFD0056821F;
			remoteInfo = FirebaseProject;
		};
		4FC52F651F317DFD0056821F /* PBXContainerItemProxy */ = {
			isa = PBXContainerItemProxy;
			containerPortal = 4FC52F3A1F317DFD0056821F /* Project object */;
			proxyType = 1;
			remoteGlobalIDString = 4FC52F411F317DFD0056821F;
			remoteInfo = FirebaseProject;
		};
/* End PBXContainerItemProxy section */

/* Begin PBXFileReference section */
		4F8969121F384375007BD58E /* myTableViewController.swift */ = {isa = PBXFileReference; fileEncoding = 4; lastKnownFileType = sourcecode.swift; path = myTableViewController.swift; sourceTree = "<group>"; };
		4FC52F421F317DFD0056821F /* FirebaseProject.app */ = {isa = PBXFileReference; explicitFileType = wrapper.application; includeInIndex = 0; path = FirebaseProject.app; sourceTree = BUILT_PRODUCTS_DIR; };
		4FC52F451F317DFD0056821F /* AppDelegate.swift */ = {isa = PBXFileReference; lastKnownFileType = sourcecode.swift; path = AppDelegate.swift; sourceTree = "<group>"; };
		4FC52F471F317DFD0056821F /* ViewController.swift */ = {isa = PBXFileReference; lastKnownFileType = sourcecode.swift; path = ViewController.swift; sourceTree = "<group>"; };
		4FC52F4A1F317DFD0056821F /* Base */ = {isa = PBXFileReference; lastKnownFileType = file.storyboard; name = Base; path = Base.lproj/Main.storyboard; sourceTree = "<group>"; };
		4FC52F4D1F317DFD0056821F /* FirebaseProject.xcdatamodel */ = {isa = PBXFileReference; lastKnownFileType = wrapper.xcdatamodel; path = FirebaseProject.xcdatamodel; sourceTree = "<group>"; };
		4FC52F4F1F317DFD0056821F /* Assets.xcassets */ = {isa = PBXFileReference; lastKnownFileType = folder.assetcatalog; path = Assets.xcassets; sourceTree = "<group>"; };
		4FC52F521F317DFD0056821F /* Base */ = {isa = PBXFileReference; lastKnownFileType = file.storyboard; name = Base; path = Base.lproj/LaunchScreen.storyboard; sourceTree = "<group>"; };
		4FC52F541F317DFD0056821F /* Info.plist */ = {isa = PBXFileReference; lastKnownFileType = text.plist.xml; path = Info.plist; sourceTree = "<group>"; };
		4FC52F591F317DFD0056821F /* FirebaseProjectTests.xctest */ = {isa = PBXFileReference; explicitFileType = wrapper.cfbundle; includeInIndex = 0; path = FirebaseProjectTests.xctest; sourceTree = BUILT_PRODUCTS_DIR; };
		4FC52F5D1F317DFD0056821F /* FirebaseProjectTests.swift */ = {isa = PBXFileReference; lastKnownFileType = sourcecode.swift; path = FirebaseProjectTests.swift; sourceTree = "<group>"; };
		4FC52F5F1F317DFD0056821F /* Info.plist */ = {isa = PBXFileReference; lastKnownFileType = text.plist.xml; path = Info.plist; sourceTree = "<group>"; };
		4FC52F641F317DFD0056821F /* FirebaseProjectUITests.xctest */ = {isa = PBXFileReference; explicitFileType = wrapper.cfbundle; includeInIndex = 0; path = FirebaseProjectUITests.xctest; sourceTree = BUILT_PRODUCTS_DIR; };
		4FC52F681F317DFD0056821F /* FirebaseProjectUITests.swift */ = {isa = PBXFileReference; lastKnownFileType = sourcecode.swift; path = FirebaseProjectUITests.swift; sourceTree = "<group>"; };
		4FC52F6A1F317DFD0056821F /* Info.plist */ = {isa = PBXFileReference; lastKnownFileType = text.plist.xml; path = Info.plist; sourceTree = "<group>"; };
		4FC52F761F317F9D0056821F /* GoogleService-Info.plist */ = {isa = PBXFileReference; fileEncoding = 4; lastKnownFileType = text.plist.xml; path = "GoogleService-Info.plist"; sourceTree = "<group>"; };
		5098FCCCA6A20DFEE9BA3F54 /* Pods_FirebaseProjectUITests.framework */ = {isa = PBXFileReference; explicitFileType = wrapper.framework; includeInIndex = 0; path = Pods_FirebaseProjectUITests.framework; sourceTree = BUILT_PRODUCTS_DIR; };
		5621FFE2D8821609F45C3BD1 /* Pods_FirebaseProject.framework */ = {isa = PBXFileReference; explicitFileType = wrapper.framework; includeInIndex = 0; path = Pods_FirebaseProject.framework; sourceTree = BUILT_PRODUCTS_DIR; };
		5BCF666667935C90E7273F4C /* Pods-FirebaseProjectTests.release.xcconfig */ = {isa = PBXFileReference; includeInIndex = 1; lastKnownFileType = text.xcconfig; name = "Pods-FirebaseProjectTests.release.xcconfig"; path = "Pods/Target Support Files/Pods-FirebaseProjectTests/Pods-FirebaseProjectTests.release.xcconfig"; sourceTree = "<group>"; };
		5C0B153A9466758B9D31F817 /* Pods-FirebaseProjectTests.debug.xcconfig */ = {isa = PBXFileReference; includeInIndex = 1; lastKnownFileType = text.xcconfig; name = "Pods-FirebaseProjectTests.debug.xcconfig"; path = "Pods/Target Support Files/Pods-FirebaseProjectTests/Pods-FirebaseProjectTests.debug.xcconfig"; sourceTree = "<group>"; };
		7C79C8655ED2C0CE21124911 /* Pods-FirebaseProjectUITests.release.xcconfig */ = {isa = PBXFileReference; includeInIndex = 1; lastKnownFileType = text.xcconfig; name = "Pods-FirebaseProjectUITests.release.xcconfig"; path = "Pods/Target Support Files/Pods-FirebaseProjectUITests/Pods-FirebaseProjectUITests.release.xcconfig"; sourceTree = "<group>"; };
		965CFC106B9391BA389DA093 /* Pods_FirebaseProjectTests.framework */ = {isa = PBXFileReference; explicitFileType = wrapper.framework; includeInIndex = 0; path = Pods_FirebaseProjectTests.framework; sourceTree = BUILT_PRODUCTS_DIR; };
		A3383321687498A19FF30F6D /* Pods-FirebaseProject.release.xcconfig */ = {isa = PBXFileReference; includeInIndex = 1; lastKnownFileType = text.xcconfig; name = "Pods-FirebaseProject.release.xcconfig"; path = "Pods/Target Support Files/Pods-FirebaseProject/Pods-FirebaseProject.release.xcconfig"; sourceTree = "<group>"; };
		F4769B5942105613B63623EC /* Pods-FirebaseProjectUITests.debug.xcconfig */ = {isa = PBXFileReference; includeInIndex = 1; lastKnownFileType = text.xcconfig; name = "Pods-FirebaseProjectUITests.debug.xcconfig"; path = "Pods/Target Support Files/Pods-FirebaseProjectUITests/Pods-FirebaseProjectUITests.debug.xcconfig"; sourceTree = "<group>"; };
		FCE62112EC129675343246BE /* Pods-FirebaseProject.debug.xcconfig */ = {isa = PBXFileReference; includeInIndex = 1; lastKnownFileType = text.xcconfig; name = "Pods-FirebaseProject.debug.xcconfig"; path = "Pods/Target Support Files/Pods-FirebaseProject/Pods-FirebaseProject.debug.xcconfig"; sourceTree = "<group>"; };
/* End PBXFileReference section */

/* Begin PBXFrameworksBuildPhase section */
		4FC52F3F1F317DFD0056821F /* Frameworks */ = {
			isa = PBXFrameworksBuildPhase;
			buildActionMask = 2147483647;
			files = (
				6D95BEBD8F6BB9C9128E6ADB /* Pods_FirebaseProject.framework in Frameworks */,
			);
			runOnlyForDeploymentPostprocessing = 0;
		};
		4FC52F561F317DFD0056821F /* Frameworks */ = {
			isa = PBXFrameworksBuildPhase;
			buildActionMask = 2147483647;
			files = (
				976725A015E9B3D6A12D8C7C /* Pods_FirebaseProjectTests.framework in Frameworks */,
			);
			runOnlyForDeploymentPostprocessing = 0;
		};
		4FC52F611F317DFD0056821F /* Frameworks */ = {
			isa = PBXFrameworksBuildPhase;
			buildActionMask = 2147483647;
			files = (
				BB7F8A1F5C1BBC74280D8372 /* Pods_FirebaseProjectUITests.framework in Frameworks */,
			);
			runOnlyForDeploymentPostprocessing = 0;
		};
/* End PBXFrameworksBuildPhase section */

/* Begin PBXGroup section */
		4FC52F391F317DFD0056821F = {
			isa = PBXGroup;
			children = (
				4FC52F441F317DFD0056821F /* FirebaseProject */,
				4FC52F5C1F317DFD0056821F /* FirebaseProjectTests */,
				4FC52F671F317DFD0056821F /* FirebaseProjectUITests */,
				4FC52F431F317DFD0056821F /* Products */,
				F859DFE046219E7AE4981D88 /* Pods */,
				B47BB56CD97CF7CCBF227024 /* Frameworks */,
			);
			sourceTree = "<group>";
		};
		4FC52F431F317DFD0056821F /* Products */ = {
			isa = PBXGroup;
			children = (
				4FC52F421F317DFD0056821F /* FirebaseProject.app */,
				4FC52F591F317DFD0056821F /* FirebaseProjectTests.xctest */,
				4FC52F641F317DFD0056821F /* FirebaseProjectUITests.xctest */,
			);
			name = Products;
			sourceTree = "<group>";
		};
		4FC52F441F317DFD0056821F /* FirebaseProject */ = {
			isa = PBXGroup;
			children = (
				4FC52F451F317DFD0056821F /* AppDelegate.swift */,
				4FC52F471F317DFD0056821F /* ViewController.swift */,
				4F8969121F384375007BD58E /* myTableViewController.swift */,
				4FC52F491F317DFD0056821F /* Main.storyboard */,
				4FC52F761F317F9D0056821F /* GoogleService-Info.plist */,
				4FC52F4F1F317DFD0056821F /* Assets.xcassets */,
				4FC52F511F317DFD0056821F /* LaunchScreen.storyboard */,
				4FC52F541F317DFD0056821F /* Info.plist */,
				4FC52F4C1F317DFD0056821F /* FirebaseProject.xcdatamodeld */,
			);
			path = FirebaseProject;
			sourceTree = "<group>";
		};
		4FC52F5C1F317DFD0056821F /* FirebaseProjectTests */ = {
			isa = PBXGroup;
			children = (
				4FC52F5D1F317DFD0056821F /* FirebaseProjectTests.swift */,
				4FC52F5F1F317DFD0056821F /* Info.plist */,
			);
			path = FirebaseProjectTests;
			sourceTree = "<group>";
		};
		4FC52F671F317DFD0056821F /* FirebaseProjectUITests */ = {
			isa = PBXGroup;
			children = (
				4FC52F681F317DFD0056821F /* FirebaseProjectUITests.swift */,
				4FC52F6A1F317DFD0056821F /* Info.plist */,
			);
			path = FirebaseProjectUITests;
			sourceTree = "<group>";
		};
		B47BB56CD97CF7CCBF227024 /* Frameworks */ = {
			isa = PBXGroup;
			children = (
				5621FFE2D8821609F45C3BD1 /* Pods_FirebaseProject.framework */,
				965CFC106B9391BA389DA093 /* Pods_FirebaseProjectTests.framework */,
				5098FCCCA6A20DFEE9BA3F54 /* Pods_FirebaseProjectUITests.framework */,
			);
			name = Frameworks;
			sourceTree = "<group>";
		};
		F859DFE046219E7AE4981D88 /* Pods */ = {
			isa = PBXGroup;
			children = (
				FCE62112EC129675343246BE /* Pods-FirebaseProject.debug.xcconfig */,
				A3383321687498A19FF30F6D /* Pods-FirebaseProject.release.xcconfig */,
				5C0B153A9466758B9D31F817 /* Pods-FirebaseProjectTests.debug.xcconfig */,
				5BCF666667935C90E7273F4C /* Pods-FirebaseProjectTests.release.xcconfig */,
				F4769B5942105613B63623EC /* Pods-FirebaseProjectUITests.debug.xcconfig */,
				7C79C8655ED2C0CE21124911 /* Pods-FirebaseProjectUITests.release.xcconfig */,
			);
			name = Pods;
			sourceTree = "<group>";
		};
/* End PBXGroup section */

/* Begin PBXNativeTarget section */
		4FC52F411F317DFD0056821F /* FirebaseProject */ = {
			isa = PBXNativeTarget;
			buildConfigurationList = 4FC52F6D1F317DFD0056821F /* Build configuration list for PBXNativeTarget "FirebaseProject" */;
			buildPhases = (
				504D4224987D0C2CA66FB501 /* [CP] Check Pods Manifest.lock */,
				4FC52F3E1F317DFD0056821F /* Sources */,
				4FC52F3F1F317DFD0056821F /* Frameworks */,
				4FC52F401F317DFD0056821F /* Resources */,
				3A288FC5710D6E72D93BC04D /* [CP] Embed Pods Frameworks */,
				DD46F00193C712C91F86D035 /* [CP] Copy Pods Resources */,
			);
			buildRules = (
			);
			dependencies = (
			);
			name = FirebaseProject;
			productName = FirebaseProject;
			productReference = 4FC52F421F317DFD0056821F /* FirebaseProject.app */;
			productType = "com.apple.product-type.application";
		};
		4FC52F581F317DFD0056821F /* FirebaseProjectTests */ = {
			isa = PBXNativeTarget;
			buildConfigurationList = 4FC52F701F317DFD0056821F /* Build configuration list for PBXNativeTarget "FirebaseProjectTests" */;
			buildPhases = (
				AE94C9E9C5C20A58D6CD0CD4 /* [CP] Check Pods Manifest.lock */,
				4FC52F551F317DFD0056821F /* Sources */,
				4FC52F561F317DFD0056821F /* Frameworks */,
				4FC52F571F317DFD0056821F /* Resources */,
				5E913BDA18FE56BB11945614 /* [CP] Embed Pods Frameworks */,
				7DA715DCE1B41D6EEC041EC8 /* [CP] Copy Pods Resources */,
			);
			buildRules = (
			);
			dependencies = (
				4FC52F5B1F317DFD0056821F /* PBXTargetDependency */,
			);
			name = FirebaseProjectTests;
			productName = FirebaseProjectTests;
			productReference = 4FC52F591F317DFD0056821F /* FirebaseProjectTests.xctest */;
			productType = "com.apple.product-type.bundle.unit-test";
		};
		4FC52F631F317DFD0056821F /* FirebaseProjectUITests */ = {
			isa = PBXNativeTarget;
			buildConfigurationList = 4FC52F731F317DFD0056821F /* Build configuration list for PBXNativeTarget "FirebaseProjectUITests" */;
			buildPhases = (
				0230B9CCAB3DF4FEFBC785B0 /* [CP] Check Pods Manifest.lock */,
				4FC52F601F317DFD0056821F /* Sources */,
				4FC52F611F317DFD0056821F /* Frameworks */,
				4FC52F621F317DFD0056821F /* Resources */,
				1389654B0C437A28819B71E9 /* [CP] Embed Pods Frameworks */,
				3B3FCE0B8CBC664A7404C6CE /* [CP] Copy Pods Resources */,
			);
			buildRules = (
			);
			dependencies = (
				4FC52F661F317DFD0056821F /* PBXTargetDependency */,
			);
			name = FirebaseProjectUITests;
			productName = FirebaseProjectUITests;
			productReference = 4FC52F641F317DFD0056821F /* FirebaseProjectUITests.xctest */;
			productType = "com.apple.product-type.bundle.ui-testing";
		};
/* End PBXNativeTarget section */

/* Begin PBXProject section */
		4FC52F3A1F317DFD0056821F /* Project object */ = {
			isa = PBXProject;
			attributes = {
				LastSwiftUpdateCheck = 0830;
				LastUpgradeCheck = 0830;
				ORGANIZATIONNAME = pari;
				TargetAttributes = {
					4FC52F411F317DFD0056821F = {
						CreatedOnToolsVersion = 8.3.3;
						DevelopmentTeam = 9NXT87QQZN;
						ProvisioningStyle = Automatic;
					};
					4FC52F581F317DFD0056821F = {
						CreatedOnToolsVersion = 8.3.3;
						DevelopmentTeam = 9NXT87QQZN;
						ProvisioningStyle = Automatic;
						TestTargetID = 4FC52F411F317DFD0056821F;
					};
					4FC52F631F317DFD0056821F = {
						CreatedOnToolsVersion = 8.3.3;
						DevelopmentTeam = 9NXT87QQZN;
						ProvisioningStyle = Automatic;
						TestTargetID = 4FC52F411F317DFD0056821F;
					};
				};
			};
			buildConfigurationList = 4FC52F3D1F317DFD0056821F /* Build configuration list for PBXProject "FirebaseProject" */;
			compatibilityVersion = "Xcode 3.2";
			developmentRegion = English;
			hasScannedForEncodings = 0;
			knownRegions = (
				en,
				Base,
			);
			mainGroup = 4FC52F391F317DFD0056821F;
			productRefGroup = 4FC52F431F317DFD0056821F /* Products */;
			projectDirPath = "";
			projectRoot = "";
			targets = (
				4FC52F411F317DFD0056821F /* FirebaseProject */,
				4FC52F581F317DFD0056821F /* FirebaseProjectTests */,
				4FC52F631F317DFD0056821F /* FirebaseProjectUITests */,
			);
		};
/* End PBXProject section */

/* Begin PBXResourcesBuildPhase section */
		4FC52F401F317DFD0056821F /* Resources */ = {
			isa = PBXResourcesBuildPhase;
			buildActionMask = 2147483647;
			files = (
				4FC52F531F317DFD0056821F /* LaunchScreen.storyboard in Resources */,
				4FC52F771F317F9D0056821F /* GoogleService-Info.plist in Resources */,
				4FC52F501F317DFD0056821F /* Assets.xcassets in Resources */,
				4FC52F4B1F317DFD0056821F /* Main.storyboard in Resources */,
			);
			runOnlyForDeploymentPostprocessing = 0;
		};
		4FC52F571F317DFD0056821F /* Resources */ = {
			isa = PBXResourcesBuildPhase;
			buildActionMask = 2147483647;
			files = (
			);
			runOnlyForDeploymentPostprocessing = 0;
		};
		4FC52F621F317DFD0056821F /* Resources */ = {
			isa = PBXResourcesBuildPhase;
			buildActionMask = 2147483647;
			files = (
			);
			runOnlyForDeploymentPostprocessing = 0;
		};
/* End PBXResourcesBuildPhase section */

/* Begin PBXShellScriptBuildPhase section */
		0230B9CCAB3DF4FEFBC785B0 /* [CP] Check Pods Manifest.lock */ = {
			isa = PBXShellScriptBuildPhase;
			buildActionMask = 2147483647;
			files = (
			);
			inputPaths = (
			);
			name = "[CP] Check Pods Manifest.lock";
			outputPaths = (
			);
			runOnlyForDeploymentPostprocessing = 0;
			shellPath = /bin/sh;
			shellScript = "diff \"${PODS_PODFILE_DIR_PATH}/Podfile.lock\" \"${PODS_ROOT}/Manifest.lock\" > /dev/null\nif [ $? != 0 ] ; then\n    # print error to STDERR\n    echo \"error: The sandbox is not in sync with the Podfile.lock. Run 'pod install' or update your CocoaPods installation.\" >&2\n    exit 1\nfi\n";
			showEnvVarsInLog = 0;
		};
		1389654B0C437A28819B71E9 /* [CP] Embed Pods Frameworks */ = {
			isa = PBXShellScriptBuildPhase;
			buildActionMask = 2147483647;
			files = (
			);
			inputPaths = (
			);
			name = "[CP] Embed Pods Frameworks";
			outputPaths = (
			);
			runOnlyForDeploymentPostprocessing = 0;
			shellPath = /bin/sh;
			shellScript = "\"${SRCROOT}/Pods/Target Support Files/Pods-FirebaseProjectUITests/Pods-FirebaseProjectUITests-frameworks.sh\"\n";
			showEnvVarsInLog = 0;
		};
		3A288FC5710D6E72D93BC04D /* [CP] Embed Pods Frameworks */ = {
			isa = PBXShellScriptBuildPhase;
			buildActionMask = 2147483647;
			files = (
			);
			inputPaths = (
			);
			name = "[CP] Embed Pods Frameworks";
			outputPaths = (
			);
			runOnlyForDeploymentPostprocessing = 0;
			shellPath = /bin/sh;
			shellScript = "\"${SRCROOT}/Pods/Target Support Files/Pods-FirebaseProject/Pods-FirebaseProject-frameworks.sh\"\n";
			showEnvVarsInLog = 0;
		};
		3B3FCE0B8CBC664A7404C6CE /* [CP] Copy Pods Resources */ = {
			isa = PBXShellScriptBuildPhase;
			buildActionMask = 2147483647;
			files = (
			);
			inputPaths = (
			);
			name = "[CP] Copy Pods Resources";
			outputPaths = (
			);
			runOnlyForDeploymentPostprocessing = 0;
			shellPath = /bin/sh;
			shellScript = "\"${SRCROOT}/Pods/Target Support Files/Pods-FirebaseProjectUITests/Pods-FirebaseProjectUITests-resources.sh\"\n";
			showEnvVarsInLog = 0;
		};
		504D4224987D0C2CA66FB501 /* [CP] Check Pods Manifest.lock */ = {
			isa = PBXShellScriptBuildPhase;
			buildActionMask = 2147483647;
			files = (
			);
			inputPaths = (
			);
			name = "[CP] Check Pods Manifest.lock";
			outputPaths = (
			);
			runOnlyForDeploymentPostprocessing = 0;
			shellPath = /bin/sh;
			shellScript = "diff \"${PODS_PODFILE_DIR_PATH}/Podfile.lock\" \"${PODS_ROOT}/Manifest.lock\" > /dev/null\nif [ $? != 0 ] ; then\n    # print error to STDERR\n    echo \"error: The sandbox is not in sync with the Podfile.lock. Run 'pod install' or update your CocoaPods installation.\" >&2\n    exit 1\nfi\n";
			showEnvVarsInLog = 0;
		};
		5E913BDA18FE56BB11945614 /* [CP] Embed Pods Frameworks */ = {
			isa = PBXShellScriptBuildPhase;
			buildActionMask = 2147483647;
			files = (
			);
			inputPaths = (
			);
			name = "[CP] Embed Pods Frameworks";
			outputPaths = (
			);
			runOnlyForDeploymentPostprocessing = 0;
			shellPath = /bin/sh;
			shellScript = "\"${SRCROOT}/Pods/Target Support Files/Pods-FirebaseProjectTests/Pods-FirebaseProjectTests-frameworks.sh\"\n";
			showEnvVarsInLog = 0;
		};
		7DA715DCE1B41D6EEC041EC8 /* [CP] Copy Pods Resources */ = {
			isa = PBXShellScriptBuildPhase;
			buildActionMask = 2147483647;
			files = (
			);
			inputPaths = (
			);
			name = "[CP] Copy Pods Resources";
			outputPaths = (
			);
			runOnlyForDeploymentPostprocessing = 0;
			shellPath = /bin/sh;
			shellScript = "\"${SRCROOT}/Pods/Target Support Files/Pods-FirebaseProjectTests/Pods-FirebaseProjectTests-resources.sh\"\n";
			showEnvVarsInLog = 0;
		};
		AE94C9E9C5C20A58D6CD0CD4 /* [CP] Check Pods Manifest.lock */ = {
			isa = PBXShellScriptBuildPhase;
			buildActionMask = 2147483647;
			files = (
			);
			inputPaths = (
			);
			name = "[CP] Check Pods Manifest.lock";
			outputPaths = (
			);
			runOnlyForDeploymentPostprocessing = 0;
			shellPath = /bin/sh;
			shellScript = "diff \"${PODS_PODFILE_DIR_PATH}/Podfile.lock\" \"${PODS_ROOT}/Manifest.lock\" > /dev/null\nif [ $? != 0 ] ; then\n    # print error to STDERR\n    echo \"error: The sandbox is not in sync with the Podfile.lock. Run 'pod install' or update your CocoaPods installation.\" >&2\n    exit 1\nfi\n";
			showEnvVarsInLog = 0;
		};
		DD46F00193C712C91F86D035 /* [CP] Copy Pods Resources */ = {
			isa = PBXShellScriptBuildPhase;
			buildActionMask = 2147483647;
			files = (
			);
			inputPaths = (
			);
			name = "[CP] Copy Pods Resources";
			outputPaths = (
			);
			runOnlyForDeploymentPostprocessing = 0;
			shellPath = /bin/sh;
			shellScript = "\"${SRCROOT}/Pods/Target Support Files/Pods-FirebaseProject/Pods-FirebaseProject-resources.sh\"\n";
			showEnvVarsInLog = 0;
		};
/* End PBXShellScriptBuildPhase section */

/* Begin PBXSourcesBuildPhase section */
		4FC52F3E1F317DFD0056821F /* Sources */ = {
			isa = PBXSourcesBuildPhase;
			buildActionMask = 2147483647;
			files = (
				4F8969131F384375007BD58E /* myTableViewController.swift in Sources */,
				4FC52F481F317DFD0056821F /* ViewController.swift in Sources */,
				4FC52F4E1F317DFD0056821F /* FirebaseProject.xcdatamodeld in Sources */,
				4FC52F461F317DFD0056821F /* AppDelegate.swift in Sources */,
			);
			runOnlyForDeploymentPostprocessing = 0;
		};
		4FC52F551F317DFD0056821F /* Sources */ = {
			isa = PBXSourcesBuildPhase;
			buildActionMask = 2147483647;
			files = (
				4FC52F5E1F317DFD0056821F /* FirebaseProjectTests.swift in Sources */,
			);
			runOnlyForDeploymentPostprocessing = 0;
		};
		4FC52F601F317DFD0056821F /* Sources */ = {
			isa = PBXSourcesBuildPhase;
			buildActionMask = 2147483647;
			files = (
				4FC52F691F317DFD0056821F /* FirebaseProjectUITests.swift in Sources */,
			);
			runOnlyForDeploymentPostprocessing = 0;
		};
/* End PBXSourcesBuildPhase section */

/* Begin PBXTargetDependency section */
		4FC52F5B1F317DFD0056821F /* PBXTargetDependency */ = {
			isa = PBXTargetDependency;
			target = 4FC52F411F317DFD0056821F /* FirebaseProject */;
			targetProxy = 4FC52F5A1F317DFD0056821F /* PBXContainerItemProxy */;
		};
		4FC52F661F317DFD0056821F /* PBXTargetDependency */ = {
			isa = PBXTargetDependency;
			target = 4FC52F411F317DFD0056821F /* FirebaseProject */;
			targetProxy = 4FC52F651F317DFD0056821F /* PBXContainerItemProxy */;
		};
/* End PBXTargetDependency section */

/* Begin PBXVariantGroup section */
		4FC52F491F317DFD0056821F /* Main.storyboard */ = {
			isa = PBXVariantGroup;
			children = (
				4FC52F4A1F317DFD0056821F /* Base */,
			);
			name = Main.storyboard;
			sourceTree = "<group>";
		};
		4FC52F511F317DFD0056821F /* LaunchScreen.storyboard */ = {
			isa = PBXVariantGroup;
			children = (
				4FC52F521F317DFD0056821F /* Base */,
			);
			name = LaunchScreen.storyboard;
			sourceTree = "<group>";
		};
/* End PBXVariantGroup section */

/* Begin XCBuildConfiguration section */
		4FC52F6B1F317DFD0056821F /* Debug */ = {
			isa = XCBuildConfiguration;
			buildSettings = {
				ALWAYS_SEARCH_USER_PATHS = NO;
				CLANG_ANALYZER_NONNULL = YES;
				CLANG_ANALYZER_NUMBER_OBJECT_CONVERSION = YES_AGGRESSIVE;
				CLANG_CXX_LANGUAGE_STANDARD = "gnu++0x";
				CLANG_CXX_LIBRARY = "libc++";
				CLANG_ENABLE_MODULES = YES;
				CLANG_ENABLE_OBJC_ARC = YES;
				CLANG_WARN_BOOL_CONVERSION = YES;
				CLANG_WARN_CONSTANT_CONVERSION = YES;
				CLANG_WARN_DIRECT_OBJC_ISA_USAGE = YES_ERROR;
				CLANG_WARN_DOCUMENTATION_COMMENTS = YES;
				CLANG_WARN_EMPTY_BODY = YES;
				CLANG_WARN_ENUM_CONVERSION = YES;
				CLANG_WARN_INFINITE_RECURSION = YES;
				CLANG_WARN_INT_CONVERSION = YES;
				CLANG_WARN_OBJC_ROOT_CLASS = YES_ERROR;
				CLANG_WARN_SUSPICIOUS_MOVE = YES;
				CLANG_WARN_UNREACHABLE_CODE = YES;
				CLANG_WARN__DUPLICATE_METHOD_MATCH = YES;
				"CODE_SIGN_IDENTITY[sdk=iphoneos*]" = "iPhone Developer";
				COPY_PHASE_STRIP = NO;
				DEBUG_INFORMATION_FORMAT = dwarf;
				ENABLE_STRICT_OBJC_MSGSEND = YES;
				ENABLE_TESTABILITY = YES;
				GCC_C_LANGUAGE_STANDARD = gnu99;
				GCC_DYNAMIC_NO_PIC = NO;
				GCC_NO_COMMON_BLOCKS = YES;
				GCC_OPTIMIZATION_LEVEL = 0;
				GCC_PREPROCESSOR_DEFINITIONS = (
					"DEBUG=1",
					"$(inherited)",
				);
				GCC_WARN_64_TO_32_BIT_CONVERSION = YES;
				GCC_WARN_ABOUT_RETURN_TYPE = YES_ERROR;
				GCC_WARN_UNDECLARED_SELECTOR = YES;
				GCC_WARN_UNINITIALIZED_AUTOS = YES_AGGRESSIVE;
				GCC_WARN_UNUSED_FUNCTION = YES;
				GCC_WARN_UNUSED_VARIABLE = YES;
				IPHONEOS_DEPLOYMENT_TARGET = 10.3;
				MTL_ENABLE_DEBUG_INFO = YES;
				ONLY_ACTIVE_ARCH = YES;
				SDKROOT = iphoneos;
				SWIFT_ACTIVE_COMPILATION_CONDITIONS = DEBUG;
				SWIFT_OPTIMIZATION_LEVEL = "-Onone";
				TARGETED_DEVICE_FAMILY = "1,2";
			};
			name = Debug;
		};
		4FC52F6C1F317DFD0056821F /* Release */ = {
			isa = XCBuildConfiguration;
			buildSettings = {
				ALWAYS_SEARCH_USER_PATHS = NO;
				CLANG_ANALYZER_NONNULL = YES;
				CLANG_ANALYZER_NUMBER_OBJECT_CONVERSION = YES_AGGRESSIVE;
				CLANG_CXX_LANGUAGE_STANDARD = "gnu++0x";
				CLANG_CXX_LIBRARY = "libc++";
				CLANG_ENABLE_MODULES = YES;
				CLANG_ENABLE_OBJC_ARC = YES;
				CLANG_WARN_BOOL_CONVERSION = YES;
				CLANG_WARN_CONSTANT_CONVERSION = YES;
				CLANG_WARN_DIRECT_OBJC_ISA_USAGE = YES_ERROR;
				CLANG_WARN_DOCUMENTATION_COMMENTS = YES;
				CLANG_WARN_EMPTY_BODY = YES;
				CLANG_WARN_ENUM_CONVERSION = YES;
				CLANG_WARN_INFINITE_RECURSION = YES;
				CLANG_WARN_INT_CONVERSION = YES;
				CLANG_WARN_OBJC_ROOT_CLASS = YES_ERROR;
				CLANG_WARN_SUSPICIOUS_MOVE = YES;
				CLANG_WARN_UNREACHABLE_CODE = YES;
				CLANG_WARN__DUPLICATE_METHOD_MATCH = YES;
				"CODE_SIGN_IDENTITY[sdk=iphoneos*]" = "iPhone Developer";
				COPY_PHASE_STRIP = NO;
				DEBUG_INFORMATION_FORMAT = "dwarf-with-dsym";
				ENABLE_NS_ASSERTIONS = NO;
				ENABLE_STRICT_OBJC_MSGSEND = YES;
				GCC_C_LANGUAGE_STANDARD = gnu99;
				GCC_NO_COMMON_BLOCKS = YES;
				GCC_WARN_64_TO_32_BIT_CONVERSION = YES;
				GCC_WARN_ABOUT_RETURN_TYPE = YES_ERROR;
				GCC_WARN_UNDECLARED_SELECTOR = YES;
				GCC_WARN_UNINITIALIZED_AUTOS = YES_AGGRESSIVE;
				GCC_WARN_UNUSED_FUNCTION = YES;
				GCC_WARN_UNUSED_VARIABLE = YES;
				IPHONEOS_DEPLOYMENT_TARGET = 10.3;
				MTL_ENABLE_DEBUG_INFO = NO;
				SDKROOT = iphoneos;
				SWIFT_OPTIMIZATION_LEVEL = "-Owholemodule";
				TARGETED_DEVICE_FAMILY = "1,2";
				VALIDATE_PRODUCT = YES;
			};
			name = Release;
		};
		4FC52F6E1F317DFD0056821F /* Debug */ = {
			isa = XCBuildConfiguration;
			baseConfigurationReference = FCE62112EC129675343246BE /* Pods-FirebaseProject.debug.xcconfig */;
			buildSettings = {
				ASSETCATALOG_COMPILER_APPICON_NAME = AppIcon;
				DEVELOPMENT_TEAM = 9NXT87QQZN;
				INFOPLIST_FILE = FirebaseProject/Info.plist;
				LD_RUNPATH_SEARCH_PATHS = "$(inherited) @executable_path/Frameworks";
				PRODUCT_BUNDLE_IDENTIFIER = com.pari.tryC.FirebaseProject;
				PRODUCT_NAME = "$(TARGET_NAME)";
				SWIFT_VERSION = 3.0;
			};
			name = Debug;
		};
		4FC52F6F1F317DFD0056821F /* Release */ = {
			isa = XCBuildConfiguration;
			baseConfigurationReference = A3383321687498A19FF30F6D /* Pods-FirebaseProject.release.xcconfig */;
			buildSettings = {
				ASSETCATALOG_COMPILER_APPICON_NAME = AppIcon;
				DEVELOPMENT_TEAM = 9NXT87QQZN;
				INFOPLIST_FILE = FirebaseProject/Info.plist;
				LD_RUNPATH_SEARCH_PATHS = "$(inherited) @executable_path/Frameworks";
				PRODUCT_BUNDLE_IDENTIFIER = com.pari.tryC.FirebaseProject;
				PRODUCT_NAME = "$(TARGET_NAME)";
				SWIFT_VERSION = 3.0;
			};
			name = Release;
		};
		4FC52F711F317DFD0056821F /* Debug */ = {
			isa = XCBuildConfiguration;
			baseConfigurationReference = 5C0B153A9466758B9D31F817 /* Pods-FirebaseProjectTests.debug.xcconfig */;
			buildSettings = {
				ALWAYS_EMBED_SWIFT_STANDARD_LIBRARIES = YES;
				BUNDLE_LOADER = "$(TEST_HOST)";
				DEVELOPMENT_TEAM = 9NXT87QQZN;
				INFOPLIST_FILE = FirebaseProjectTests/Info.plist;
				LD_RUNPATH_SEARCH_PATHS = "$(inherited) @executable_path/Frameworks @loader_path/Frameworks";
				PRODUCT_BUNDLE_IDENTIFIER = com.pari.tryC.FirebaseProjectTests;
				PRODUCT_NAME = "$(TARGET_NAME)";
				SWIFT_VERSION = 3.0;
				TEST_HOST = "$(BUILT_PRODUCTS_DIR)/FirebaseProject.app/FirebaseProject";
			};
			name = Debug;
		};
		4FC52F721F317DFD0056821F /* Release */ = {
			isa = XCBuildConfiguration;
			baseConfigurationReference = 5BCF666667935C90E7273F4C /* Pods-FirebaseProjectTests.release.xcconfig */;
			buildSettings = {
				ALWAYS_EMBED_SWIFT_STANDARD_LIBRARIES = YES;
				BUNDLE_LOADER = "$(TEST_HOST)";
				DEVELOPMENT_TEAM = 9NXT87QQZN;
				INFOPLIST_FILE = FirebaseProjectTests/Info.plist;
				LD_RUNPATH_SEARCH_PATHS = "$(inherited) @executable_path/Frameworks @loader_path/Frameworks";
				PRODUCT_BUNDLE_IDENTIFIER = com.pari.tryC.FirebaseProjectTests;
				PRODUCT_NAME = "$(TARGET_NAME)";
				SWIFT_VERSION = 3.0;
				TEST_HOST = "$(BUILT_PRODUCTS_DIR)/FirebaseProject.app/FirebaseProject";
			};
			name = Release;
		};
		4FC52F741F317DFD0056821F /* Debug */ = {
			isa = XCBuildConfiguration;
			baseConfigurationReference = F4769B5942105613B63623EC /* Pods-FirebaseProjectUITests.debug.xcconfig */;
			buildSettings = {
				ALWAYS_EMBED_SWIFT_STANDARD_LIBRARIES = YES;
				DEVELOPMENT_TEAM = 9NXT87QQZN;
				INFOPLIST_FILE = FirebaseProjectUITests/Info.plist;
				LD_RUNPATH_SEARCH_PATHS = "$(inherited) @executable_path/Frameworks @loader_path/Frameworks";
				PRODUCT_BUNDLE_IDENTIFIER = com.pari.tryC.FirebaseProjectUITests;
				PRODUCT_NAME = "$(TARGET_NAME)";
				SWIFT_VERSION = 3.0;
				TEST_TARGET_NAME = FirebaseProject;
			};
			name = Debug;
		};
		4FC52F751F317DFD0056821F /* Release */ = {
			isa = XCBuildConfiguration;
			baseConfigurationReference = 7C79C8655ED2C0CE21124911 /* Pods-FirebaseProjectUITests.release.xcconfig */;
			buildSettings = {
				ALWAYS_EMBED_SWIFT_STANDARD_LIBRARIES = YES;
				DEVELOPMENT_TEAM = 9NXT87QQZN;
				INFOPLIST_FILE = FirebaseProjectUITests/Info.plist;
				LD_RUNPATH_SEARCH_PATHS = "$(inherited) @executable_path/Frameworks @loader_path/Frameworks";
				PRODUCT_BUNDLE_IDENTIFIER = com.pari.tryC.FirebaseProjectUITests;
				PRODUCT_NAME = "$(TARGET_NAME)";
				SWIFT_VERSION = 3.0;
				TEST_TARGET_NAME = FirebaseProject;
			};
			name = Release;
		};
/* End XCBuildConfiguration section */

/* Begin XCConfigurationList section */
		4FC52F3D1F317DFD0056821F /* Build configuration list for PBXProject "FirebaseProject" */ = {
			isa = XCConfigurationList;
			buildConfigurations = (
				4FC52F6B1F317DFD0056821F /* Debug */,
				4FC52F6C1F317DFD0056821F /* Release */,
			);
			defaultConfigurationIsVisible = 0;
			defaultConfigurationName = Release;
		};
		4FC52F6D1F317DFD0056821F /* Build configuration list for PBXNativeTarget "FirebaseProject" */ = {
			isa = XCConfigurationList;
			buildConfigurations = (
				4FC52F6E1F317DFD0056821F /* Debug */,
				4FC52F6F1F317DFD0056821F /* Release */,
			);
			defaultConfigurationIsVisible = 0;
			defaultConfigurationName = Release;
		};
		4FC52F701F317DFD0056821F /* Build configuration list for PBXNativeTarget "FirebaseProjectTests" */ = {
			isa = XCConfigurationList;
			buildConfigurations = (
				4FC52F711F317DFD0056821F /* Debug */,
				4FC52F721F317DFD0056821F /* Release */,
			);
			defaultConfigurationIsVisible = 0;
			defaultConfigurationName = Release;
		};
		4FC52F731F317DFD0056821F /* Build configuration list for PBXNativeTarget "FirebaseProjectUITests" */ = {
			isa = XCConfigurationList;
			buildConfigurations = (
				4FC52F741F317DFD0056821F /* Debug */,
				4FC52F751F317DFD0056821F /* Release */,
			);
			defaultConfigurationIsVisible = 0;
			defaultConfigurationName = Release;
		};
/* End XCConfigurationList section */

/* Begin XCVersionGroup section */
		4FC52F4C1F317DFD0056821F /* FirebaseProject.xcdatamodeld */ = {
			isa = XCVersionGroup;
			children = (
				4FC52F4D1F317DFD0056821F /* FirebaseProject.xcdatamodel */,
			);
			currentVersion = 4FC52F4D1F317DFD0056821F /* FirebaseProject.xcdatamodel */;
			path = FirebaseProject.xcdatamodeld;
			sourceTree = "<group>";
			versionGroupType = wrapper.xcdatamodel;
		};
/* End XCVersionGroup section */
	};
	rootObject = 4FC52F3A1F317DFD0056821F /* Project object */;
}
